<Solution>
  <Project Path="VHierarchy.csproj" />
  <Project Path="Assembly-CSharp.csproj" />
  <Project Path="DependencyAssembly.csproj" />
  <Project Path="ObjectPool.RuntimeAssembly.csproj" />
  <Project Path="ObjectPool.EditorAssembly.csproj" />
  <Project Path="Assembly-CSharp-Editor.csproj" />
</Solution>
