<Solution>
  <Project Path="Febucci.TextAnimator.Runtime.csproj" />
  <Project Path="MagicaClothV2.csproj" />
  <Project Path="MK.Toon.Editor.csproj" />
  <Project Path="Assembly-CSharp.csproj" />
  <Project Path="MK.Toon.Examples.csproj" />
  <Project Path="MagicaClothV2.Editor.csproj" />
  <Project Path="Febucci.TextAnimator.Editor.csproj" />
  <Project Path="Febucci.Attributes.Editor.csproj" />
  <Project Path="VHierarchy.csproj" />
  <Project Path="Caustics.csproj" />
  <Project Path="DependencyAssembly.csproj" />
  <Project Path="MK.RampCreator.csproj" />
  <Project Path="MK.Toon.csproj" />
  <Project Path="Caustics.Editor.csproj" />
  <Project Path="Febucci.TextAnimator.TMP.Runtime.csproj" />
  <Project Path="ObjectPool.RuntimeAssembly.csproj" />
  <Project Path="Assembly-CSharp-Editor.csproj" />
  <Project Path="MagicaCloth2Example.csproj" />
  <Project Path="MK.Toon.VariantsManager.csproj" />
  <Project Path="Febucci.TextAnimator.Demo.Runtime.csproj" />
  <Project Path="Febucci.Attributes.Runtime.csproj" />
  <Project Path="ObjectPool.EditorAssembly.csproj" />
  <Project Path="MK.MeshUtility.csproj" />
  <Project Path="MK.Toon.URP.Editor.csproj" />
  <Project Path="MK.MKTextureChannelPacker.csproj" />
  <Project Path="MK.Toon.URP.csproj" />
</Solution>
